// !$*UTF8*$!
{
	archiveVersion = 1;
	classes = {
	};
	objectVersion = 56;
	objects = {

/* Begin PBXBuildFile section */
		5D40DEDF28E5861A00E803C4 /* GamelogApp.swift in Sources */ = {isa = PBXBuildFile; fileRef = 5D40DEDE28E5861A00E803C4 /* GamelogApp.swift */; };
		5D40DEE328E5861D00E803C4 /* Assets.xcassets in Resources */ = {isa = PBXBuildFile; fileRef = 5D40DEE228E5861D00E803C4 /* Assets.xcassets */; };
		5D40DEE628E5861D00E803C4 /* Preview Assets.xcassets in Resources */ = {isa = PBXBuildFile; fileRef = 5D40DEE528E5861D00E803C4 /* Preview Assets.xcassets */; };
		5D40DEEE28E5871E00E803C4 /* AppDataService.swift in Sources */ = {isa = PBXBuildFile; fileRef = 5D40DEED28E5871E00E803C4 /* AppDataService.swift */; };
		5D40DEF428E587A000E803C4 /* HomeView.swift in Sources */ = {isa = PBXBuildFile; fileRef = 5D40DEF328E587A000E803C4 /* HomeView.swift */; };
		5D40DEF628E587BB00E803C4 /* ProfileView.swift in Sources */ = {isa = PBXBuildFile; fileRef = 5D40DEF528E587BB00E803C4 /* ProfileView.swift */; };
		5D40DEF828E587D600E803C4 /* DetailView.swift in Sources */ = {isa = PBXBuildFile; fileRef = 5D40DEF728E587D600E803C4 /* DetailView.swift */; };
		5D40DEFD28E5880100E803C4 /* CircleImage.swift in Sources */ = {isa = PBXBuildFile; fileRef = 5D40DEFC28E5880100E803C4 /* CircleImage.swift */; };
		5D40DF0028E5885800E803C4 /* HomeViewModel.swift in Sources */ = {isa = PBXBuildFile; fileRef = 5D40DEFF28E5885800E803C4 /* HomeViewModel.swift */; };
		5D40DF0228E9252A00E803C4 /* Game.swift in Sources */ = {isa = PBXBuildFile; fileRef = 5D40DF0128E9252A00E803C4 /* Game.swift */; };
		5D40DF0628E935FD00E803C4 /* DateUtility.swift in Sources */ = {isa = PBXBuildFile; fileRef = 5D40DF0528E935FD00E803C4 /* DateUtility.swift */; };
		5DA82A0E28E9455600C21965 /* GameDetail.swift in Sources */ = {isa = PBXBuildFile; fileRef = 5DA82A0D28E9455600C21965 /* GameDetail.swift */; };
		5DA82A1028E9463A00C21965 /* DetailViewModel.swift in Sources */ = {isa = PBXBuildFile; fileRef = 5DA82A0F28E9463A00C21965 /* DetailViewModel.swift */; };
		5DA978DC28E96524008A009E /* HTMLConverter.swift in Sources */ = {isa = PBXBuildFile; fileRef = 5DA978DB28E96524008A009E /* HTMLConverter.swift */; };
/* End PBXBuildFile section */

/* Begin PBXFileReference section */
		5D40DEDB28E5861A00E803C4 /* Gamelog.app */ = {isa = PBXFileReference; explicitFileType = wrapper.application; includeInIndex = 0; path = Gamelog.app; sourceTree = BUILT_PRODUCTS_DIR; };
		5D40DEDE28E5861A00E803C4 /* GamelogApp.swift */ = {isa = PBXFileReference; lastKnownFileType = sourcecode.swift; path = GamelogApp.swift; sourceTree = "<group>"; };
		5D40DEE228E5861D00E803C4 /* Assets.xcassets */ = {isa = PBXFileReference; lastKnownFileType = folder.assetcatalog; path = Assets.xcassets; sourceTree = "<group>"; };
		5D40DEE528E5861D00E803C4 /* Preview Assets.xcassets */ = {isa = PBXFileReference; lastKnownFileType = folder.assetcatalog; path = "Preview Assets.xcassets"; sourceTree = "<group>"; };
		5D40DEED28E5871E00E803C4 /* AppDataService.swift */ = {isa = PBXFileReference; lastKnownFileType = sourcecode.swift; path = AppDataService.swift; sourceTree = "<group>"; };
		5D40DEF328E587A000E803C4 /* HomeView.swift */ = {isa = PBXFileReference; lastKnownFileType = sourcecode.swift; path = HomeView.swift; sourceTree = "<group>"; };
		5D40DEF528E587BB00E803C4 /* ProfileView.swift */ = {isa = PBXFileReference; lastKnownFileType = sourcecode.swift; path = ProfileView.swift; sourceTree = "<group>"; };
		5D40DEF728E587D600E803C4 /* DetailView.swift */ = {isa = PBXFileReference; lastKnownFileType = sourcecode.swift; path = DetailView.swift; sourceTree = "<group>"; };
		5D40DEFC28E5880100E803C4 /* CircleImage.swift */ = {isa = PBXFileReference; lastKnownFileType = sourcecode.swift; path = CircleImage.swift; sourceTree = "<group>"; };
		5D40DEFF28E5885800E803C4 /* HomeViewModel.swift */ = {isa = PBXFileReference; lastKnownFileType = sourcecode.swift; path = HomeViewModel.swift; sourceTree = "<group>"; };
		5D40DF0128E9252A00E803C4 /* Game.swift */ = {isa = PBXFileReference; lastKnownFileType = sourcecode.swift; path = Game.swift; sourceTree = "<group>"; };
		5D40DF0528E935FD00E803C4 /* DateUtility.swift */ = {isa = PBXFileReference; lastKnownFileType = sourcecode.swift; path = DateUtility.swift; sourceTree = "<group>"; };
		5DA82A0D28E9455600C21965 /* GameDetail.swift */ = {isa = PBXFileReference; lastKnownFileType = sourcecode.swift; path = GameDetail.swift; sourceTree = "<group>"; };
		5DA82A0F28E9463A00C21965 /* DetailViewModel.swift */ = {isa = PBXFileReference; lastKnownFileType = sourcecode.swift; path = DetailViewModel.swift; sourceTree = "<group>"; };
		5DA978DB28E96524008A009E /* HTMLConverter.swift */ = {isa = PBXFileReference; lastKnownFileType = sourcecode.swift; path = HTMLConverter.swift; sourceTree = "<group>"; };
/* End PBXFileReference section */

/* Begin PBXFrameworksBuildPhase section */
		5D40DED828E5861A00E803C4 /* Frameworks */ = {
			isa = PBXFrameworksBuildPhase;
			buildActionMask = 2147483647;
			files = (
			);
			runOnlyForDeploymentPostprocessing = 0;
		};
/* End PBXFrameworksBuildPhase section */

/* Begin PBXGroup section */
		5D40DED228E5861A00E803C4 = {
			isa = PBXGroup;
			children = (
				5D40DEDD28E5861A00E803C4 /* Gamelog */,
				5D40DEDC28E5861A00E803C4 /* Products */,
			);
			sourceTree = "<group>";
		};
		5D40DEDC28E5861A00E803C4 /* Products */ = {
			isa = PBXGroup;
			children = (
				5D40DEDB28E5861A00E803C4 /* Gamelog.app */,
			);
			name = Products;
			sourceTree = "<group>";
		};
		5D40DEDD28E5861A00E803C4 /* Gamelog */ = {
			isa = PBXGroup;
			children = (
				5D40DEEC28E5870F00E803C4 /* Connector */,
				5D40DF0428E935EC00E803C4 /* Helper */,
				5D40DEEF28E5875D00E803C4 /* Model */,
				5D40DEF228E5878A00E803C4 /* View */,
				5D40DEFE28E5884600E803C4 /* ViewModel */,
				5D40DEDE28E5861A00E803C4 /* GamelogApp.swift */,
				5D40DEE228E5861D00E803C4 /* Assets.xcassets */,
				5D40DEE428E5861D00E803C4 /* Preview Content */,
			);
			path = Gamelog;
			sourceTree = "<group>";
		};
		5D40DEE428E5861D00E803C4 /* Preview Content */ = {
			isa = PBXGroup;
			children = (
				5D40DEE528E5861D00E803C4 /* Preview Assets.xcassets */,
			);
			path = "Preview Content";
			sourceTree = "<group>";
		};
		5D40DEEC28E5870F00E803C4 /* Connector */ = {
			isa = PBXGroup;
			children = (
				5D40DEED28E5871E00E803C4 /* AppDataService.swift */,
			);
			path = Connector;
			sourceTree = "<group>";
		};
		5D40DEEF28E5875D00E803C4 /* Model */ = {
			isa = PBXGroup;
			children = (
				5D40DF0128E9252A00E803C4 /* Game.swift */,
				5DA82A0D28E9455600C21965 /* GameDetail.swift */,
			);
			path = Model;
			sourceTree = "<group>";
		};
		5D40DEF228E5878A00E803C4 /* View */ = {
			isa = PBXGroup;
			children = (
				5D40DEF928E587EB00E803C4 /* Helper */,
				5D40DEF328E587A000E803C4 /* HomeView.swift */,
				5D40DEF728E587D600E803C4 /* DetailView.swift */,
				5D40DEF528E587BB00E803C4 /* ProfileView.swift */,
			);
			path = View;
			sourceTree = "<group>";
		};
		5D40DEF928E587EB00E803C4 /* Helper */ = {
			isa = PBXGroup;
			children = (
				5D40DEFC28E5880100E803C4 /* CircleImage.swift */,
			);
			path = Helper;
			sourceTree = "<group>";
		};
		5D40DEFE28E5884600E803C4 /* ViewModel */ = {
			isa = PBXGroup;
			children = (
				5D40DEFF28E5885800E803C4 /* HomeViewModel.swift */,
				5DA82A0F28E9463A00C21965 /* DetailViewModel.swift */,
			);
			path = ViewModel;
			sourceTree = "<group>";
		};
		5D40DF0428E935EC00E803C4 /* Helper */ = {
			isa = PBXGroup;
			children = (
				5D40DF0528E935FD00E803C4 /* DateUtility.swift */,
				5DA978DB28E96524008A009E /* HTMLConverter.swift */,
			);
			path = Helper;
			sourceTree = "<group>";
		};
/* End PBXGroup section */

/* Begin PBXNativeTarget section */
		5D40DEDA28E5861A00E803C4 /* Gamelog */ = {
			isa = PBXNativeTarget;
			buildConfigurationList = 5D40DEE928E5861D00E803C4 /* Build configuration list for PBXNativeTarget "Gamelog" */;
			buildPhases = (
				5D40DED728E5861A00E803C4 /* Sources */,
				5D40DED828E5861A00E803C4 /* Frameworks */,
				5D40DED928E5861A00E803C4 /* Resources */,
			);
			buildRules = (
			);
			dependencies = (
			);
			name = Gamelog;
			packageProductDependencies = (
			);
			productName = Gamelog;
			productReference = 5D40DEDB28E5861A00E803C4 /* Gamelog.app */;
			productType = "com.apple.product-type.application";
		};
/* End PBXNativeTarget section */

/* Begin PBXProject section */
		5D40DED328E5861A00E803C4 /* Project object */ = {
			isa = PBXProject;
			attributes = {
				BuildIndependentTargetsInParallel = 1;
				LastSwiftUpdateCheck = 1400;
				LastUpgradeCheck = 1400;
				TargetAttributes = {
					5D40DEDA28E5861A00E803C4 = {
						CreatedOnToolsVersion = 14.0.1;
					};
				};
			};
			buildConfigurationList = 5D40DED628E5861A00E803C4 /* Build configuration list for PBXProject "Gamelog" */;
			compatibilityVersion = "Xcode 14.0";
			developmentRegion = en;
			hasScannedForEncodings = 0;
			knownRegions = (
				en,
				Base,
			);
			mainGroup = 5D40DED228E5861A00E803C4;
			packageReferences = (
			);
			productRefGroup = 5D40DEDC28E5861A00E803C4 /* Products */;
			projectDirPath = "";
			projectRoot = "";
			targets = (
				5D40DEDA28E5861A00E803C4 /* Gamelog */,
			);
		};
/* End PBXProject section */

/* Begin PBXResourcesBuildPhase section */
		5D40DED928E5861A00E803C4 /* Resources */ = {
			isa = PBXResourcesBuildPhase;
			buildActionMask = 2147483647;
			files = (
				5D40DEE628E5861D00E803C4 /* Preview Assets.xcassets in Resources */,
				5D40DEE328E5861D00E803C4 /* Assets.xcassets in Resources */,
			);
			runOnlyForDeploymentPostprocessing = 0;
		};
/* End PBXResourcesBuildPhase section */

/* Begin PBXSourcesBuildPhase section */
		5D40DED728E5861A00E803C4 /* Sources */ = {
			isa = PBXSourcesBuildPhase;
			buildActionMask = 2147483647;
			files = (
				5D40DF0628E935FD00E803C4 /* DateUtility.swift in Sources */,
				5D40DEEE28E5871E00E803C4 /* AppDataService.swift in Sources */,
				5D40DF0228E9252A00E803C4 /* Game.swift in Sources */,
				5D40DF0028E5885800E803C4 /* HomeViewModel.swift in Sources */,
				5DA82A0E28E9455600C21965 /* GameDetail.swift in Sources */,
				5D40DEDF28E5861A00E803C4 /* GamelogApp.swift in Sources */,
				5D40DEF828E587D600E803C4 /* DetailView.swift in Sources */,
				5DA978DC28E96524008A009E /* HTMLConverter.swift in Sources */,
				5D40DEFD28E5880100E803C4 /* CircleImage.swift in Sources */,
				5D40DEF428E587A000E803C4 /* HomeView.swift in Sources */,
				5DA82A1028E9463A00C21965 /* DetailViewModel.swift in Sources */,
				5D40DEF628E587BB00E803C4 /* ProfileView.swift in Sources */,
			);
			runOnlyForDeploymentPostprocessing = 0;
		};
/* End PBXSourcesBuildPhase section */

/* Begin XCBuildConfiguration section */
		5D40DEE728E5861D00E803C4 /* Debug */ = {
			isa = XCBuildConfiguration;
			buildSettings = {
				ALWAYS_SEARCH_USER_PATHS = NO;
				CLANG_ANALYZER_NONNULL = YES;
				CLANG_ANALYZER_NUMBER_OBJECT_CONVERSION = YES_AGGRESSIVE;
				CLANG_CXX_LANGUAGE_STANDARD = "gnu++20";
				CLANG_ENABLE_MODULES = YES;
				CLANG_ENABLE_OBJC_ARC = YES;
				CLANG_ENABLE_OBJC_WEAK = YES;
				CLANG_WARN_BLOCK_CAPTURE_AUTORELEASING = YES;
				CLANG_WARN_BOOL_CONVERSION = YES;
				CLANG_WARN_COMMA = YES;
				CLANG_WARN_CONSTANT_CONVERSION = YES;
				CLANG_WARN_DEPRECATED_OBJC_IMPLEMENTATIONS = YES;
				CLANG_WARN_DIRECT_OBJC_ISA_USAGE = YES_ERROR;
				CLANG_WARN_DOCUMENTATION_COMMENTS = YES;
				CLANG_WARN_EMPTY_BODY = YES;
				CLANG_WARN_ENUM_CONVERSION = YES;
				CLANG_WARN_INFINITE_RECURSION = YES;
				CLANG_WARN_INT_CONVERSION = YES;
				CLANG_WARN_NON_LITERAL_NULL_CONVERSION = YES;
				CLANG_WARN_OBJC_IMPLICIT_RETAIN_SELF = YES;
				CLANG_WARN_OBJC_LITERAL_CONVERSION = YES;
				CLANG_WARN_OBJC_ROOT_CLASS = YES_ERROR;
				CLANG_WARN_QUOTED_INCLUDE_IN_FRAMEWORK_HEADER = YES;
				CLANG_WARN_RANGE_LOOP_ANALYSIS = YES;
				CLANG_WARN_STRICT_PROTOTYPES = YES;
				CLANG_WARN_SUSPICIOUS_MOVE = YES;
				CLANG_WARN_UNGUARDED_AVAILABILITY = YES_AGGRESSIVE;
				CLANG_WARN_UNREACHABLE_CODE = YES;
				CLANG_WARN__DUPLICATE_METHOD_MATCH = YES;
				COPY_PHASE_STRIP = NO;
				DEBUG_INFORMATION_FORMAT = dwarf;
				ENABLE_STRICT_OBJC_MSGSEND = YES;
				ENABLE_TESTABILITY = YES;
				GCC_C_LANGUAGE_STANDARD = gnu11;
				GCC_DYNAMIC_NO_PIC = NO;
				GCC_NO_COMMON_BLOCKS = YES;
				GCC_OPTIMIZATION_LEVEL = 0;
				GCC_PREPROCESSOR_DEFINITIONS = (
					"DEBUG=1",
					"$(inherited)",
				);
				GCC_WARN_64_TO_32_BIT_CONVERSION = YES;
				GCC_WARN_ABOUT_RETURN_TYPE = YES_ERROR;
				GCC_WARN_UNDECLARED_SELECTOR = YES;
				GCC_WARN_UNINITIALIZED_AUTOS = YES_AGGRESSIVE;
				GCC_WARN_UNUSED_FUNCTION = YES;
				GCC_WARN_UNUSED_VARIABLE = YES;
				IPHONEOS_DEPLOYMENT_TARGET = 16.0;
				MTL_ENABLE_DEBUG_INFO = INCLUDE_SOURCE;
				MTL_FAST_MATH = YES;
				ONLY_ACTIVE_ARCH = YES;
				SDKROOT = iphoneos;
				SWIFT_ACTIVE_COMPILATION_CONDITIONS = DEBUG;
				SWIFT_OPTIMIZATION_LEVEL = "-Onone";
			};
			name = Debug;
		};
		5D40DEE828E5861D00E803C4 /* Release */ = {
			isa = XCBuildConfiguration;
			buildSettings = {
				ALWAYS_SEARCH_USER_PATHS = NO;
				CLANG_ANALYZER_NONNULL = YES;
				CLANG_ANALYZER_NUMBER_OBJECT_CONVERSION = YES_AGGRESSIVE;
				CLANG_CXX_LANGUAGE_STANDARD = "gnu++20";
				CLANG_ENABLE_MODULES = YES;
				CLANG_ENABLE_OBJC_ARC = YES;
				CLANG_ENABLE_OBJC_WEAK = YES;
				CLANG_WARN_BLOCK_CAPTURE_AUTORELEASING = YES;
				CLANG_WARN_BOOL_CONVERSION = YES;
				CLANG_WARN_COMMA = YES;
				CLANG_WARN_CONSTANT_CONVERSION = YES;
				CLANG_WARN_DEPRECATED_OBJC_IMPLEMENTATIONS = YES;
				CLANG_WARN_DIRECT_OBJC_ISA_USAGE = YES_ERROR;
				CLANG_WARN_DOCUMENTATION_COMMENTS = YES;
				CLANG_WARN_EMPTY_BODY = YES;
				CLANG_WARN_ENUM_CONVERSION = YES;
				CLANG_WARN_INFINITE_RECURSION = YES;
				CLANG_WARN_INT_CONVERSION = YES;
				CLANG_WARN_NON_LITERAL_NULL_CONVERSION = YES;
				CLANG_WARN_OBJC_IMPLICIT_RETAIN_SELF = YES;
				CLANG_WARN_OBJC_LITERAL_CONVERSION = YES;
				CLANG_WARN_OBJC_ROOT_CLASS = YES_ERROR;
				CLANG_WARN_QUOTED_INCLUDE_IN_FRAMEWORK_HEADER = YES;
				CLANG_WARN_RANGE_LOOP_ANALYSIS = YES;
				CLANG_WARN_STRICT_PROTOTYPES = YES;
				CLANG_WARN_SUSPICIOUS_MOVE = YES;
				CLANG_WARN_UNGUARDED_AVAILABILITY = YES_AGGRESSIVE;
				CLANG_WARN_UNREACHABLE_CODE = YES;
				CLANG_WARN__DUPLICATE_METHOD_MATCH = YES;
				COPY_PHASE_STRIP = NO;
				DEBUG_INFORMATION_FORMAT = "dwarf-with-dsym";
				ENABLE_NS_ASSERTIONS = NO;
				ENABLE_STRICT_OBJC_MSGSEND = YES;
				GCC_C_LANGUAGE_STANDARD = gnu11;
				GCC_NO_COMMON_BLOCKS = YES;
				GCC_WARN_64_TO_32_BIT_CONVERSION = YES;
				GCC_WARN_ABOUT_RETURN_TYPE = YES_ERROR;
				GCC_WARN_UNDECLARED_SELECTOR = YES;
				GCC_WARN_UNINITIALIZED_AUTOS = YES_AGGRESSIVE;
				GCC_WARN_UNUSED_FUNCTION = YES;
				GCC_WARN_UNUSED_VARIABLE = YES;
				IPHONEOS_DEPLOYMENT_TARGET = 16.0;
				MTL_ENABLE_DEBUG_INFO = NO;
				MTL_FAST_MATH = YES;
				SDKROOT = iphoneos;
				SWIFT_COMPILATION_MODE = wholemodule;
				SWIFT_OPTIMIZATION_LEVEL = "-O";
				VALIDATE_PRODUCT = YES;
			};
			name = Release;
		};
		5D40DEEA28E5861D00E803C4 /* Debug */ = {
			isa = XCBuildConfiguration;
			buildSettings = {
				ASSETCATALOG_COMPILER_APPICON_NAME = AppIcon;
				ASSETCATALOG_COMPILER_GLOBAL_ACCENT_COLOR_NAME = AccentColor;
				CODE_SIGN_STYLE = Automatic;
				CURRENT_PROJECT_VERSION = 1;
				DEVELOPMENT_ASSET_PATHS = "\"Gamelog/Preview Content\"";
				DEVELOPMENT_TEAM = 3USSPQR589;
				ENABLE_PREVIEWS = YES;
				GENERATE_INFOPLIST_FILE = YES;
				INFOPLIST_KEY_CFBundleDisplayName = Gamelog;
				INFOPLIST_KEY_LSApplicationCategoryType = "public.app-category.reference";
				INFOPLIST_KEY_UIApplicationSceneManifest_Generation = YES;
				INFOPLIST_KEY_UIApplicationSupportsIndirectInputEvents = YES;
				INFOPLIST_KEY_UILaunchScreen_Generation = YES;
				INFOPLIST_KEY_UISupportedInterfaceOrientations = UIInterfaceOrientationPortrait;
				INFOPLIST_KEY_UISupportedInterfaceOrientations_iPad = "UIInterfaceOrientationLandscapeLeft UIInterfaceOrientationLandscapeRight";
				IPHONEOS_DEPLOYMENT_TARGET = 15.0;
				LD_RUNPATH_SEARCH_PATHS = (
					"$(inherited)",
					"@executable_path/Frameworks",
				);
				MARKETING_VERSION = 1.0;
				PRODUCT_BUNDLE_IDENTIFIER = am.dx.kevinjonathan.Gamelog;
				PRODUCT_NAME = "$(TARGET_NAME)";
				SUPPORTED_PLATFORMS = "iphoneos iphonesimulator";
				SUPPORTS_MACCATALYST = NO;
				SUPPORTS_MAC_DESIGNED_FOR_IPHONE_IPAD = YES;
				SWIFT_EMIT_LOC_STRINGS = YES;
				SWIFT_VERSION = 5.0;
				TARGETED_DEVICE_FAMILY = 1;
			};
			name = Debug;
		};
		5D40DEEB28E5861D00E803C4 /* Release */ = {
			isa = XCBuildConfiguration;
			buildSettings = {
				ASSETCATALOG_COMPILER_APPICON_NAME = AppIcon;
				ASSETCATALOG_COMPILER_GLOBAL_ACCENT_COLOR_NAME = AccentColor;
				CODE_SIGN_STYLE = Automatic;
				CURRENT_PROJECT_VERSION = 1;
				DEVELOPMENT_ASSET_PATHS = "\"Gamelog/Preview Content\"";
				DEVELOPMENT_TEAM = 3USSPQR589;
				ENABLE_PREVIEWS = YES;
				GENERATE_INFOPLIST_FILE = YES;
				INFOPLIST_KEY_CFBundleDisplayName = Gamelog;
				INFOPLIST_KEY_LSApplicationCategoryType = "public.app-category.reference";
				INFOPLIST_KEY_UIApplicationSceneManifest_Generation = YES;
				INFOPLIST_KEY_UIApplicationSupportsIndirectInputEvents = YES;
				INFOPLIST_KEY_UILaunchScreen_Generation = YES;
				INFOPLIST_KEY_UISupportedInterfaceOrientations = UIInterfaceOrientationPortrait;
				INFOPLIST_KEY_UISupportedInterfaceOrientations_iPad = "UIInterfaceOrientationLandscapeLeft UIInterfaceOrientationLandscapeRight";
				IPHONEOS_DEPLOYMENT_TARGET = 15.0;
				LD_RUNPATH_SEARCH_PATHS = (
					"$(inherited)",
					"@executable_path/Frameworks",
				);
				MARKETING_VERSION = 1.0;
				PRODUCT_BUNDLE_IDENTIFIER = am.dx.kevinjonathan.Gamelog;
				PRODUCT_NAME = "$(TARGET_NAME)";
				SUPPORTED_PLATFORMS = "iphoneos iphonesimulator";
				SUPPORTS_MACCATALYST = NO;
				SUPPORTS_MAC_DESIGNED_FOR_IPHONE_IPAD = YES;
				SWIFT_EMIT_LOC_STRINGS = YES;
				SWIFT_VERSION = 5.0;
				TARGETED_DEVICE_FAMILY = 1;
			};
			name = Release;
		};
/* End XCBuildConfiguration section */

/* Begin XCConfigurationList section */
		5D40DED628E5861A00E803C4 /* Build configuration list for PBXProject "Gamelog" */ = {
			isa = XCConfigurationList;
			buildConfigurations = (
				5D40DEE728E5861D00E803C4 /* Debug */,
				5D40DEE828E5861D00E803C4 /* Release */,
			);
			defaultConfigurationIsVisible = 0;
			defaultConfigurationName = Release;
		};
		5D40DEE928E5861D00E803C4 /* Build configuration list for PBXNativeTarget "Gamelog" */ = {
			isa = XCConfigurationList;
			buildConfigurations = (
				5D40DEEA28E5861D00E803C4 /* Debug */,
				5D40DEEB28E5861D00E803C4 /* Release */,
			);
			defaultConfigurationIsVisible = 0;
			defaultConfigurationName = Release;
		};
/* End XCConfigurationList section */
	};
	rootObject = 5D40DED328E5861A00E803C4 /* Project object */;
}
